// !$*UTF8*$!
{
	archiveVersion = 1;
	classes = {
	};
	objectVersion = 46;
	objects = {

/* Begin PBXBuildFile section */
		AA7AD00E1CC69CBF00AADAFA /* AppDelegate.swift in Sources */ = {isa = PBXBuildFile; fileRef = AA7AD00D1CC69CBF00AADAFA /* AppDelegate.swift */; };
		AA7AD0131CC69CBF00AADAFA /* Main.storyboard in Resources */ = {isa = PBXBuildFile; fileRef = AA7AD0111CC69CBF00AADAFA /* Main.storyboard */; };
		AA7AD0151CC69CBF00AADAFA /* Assets.xcassets in Resources */ = {isa = PBXBuildFile; fileRef = AA7AD0141CC69CBF00AADAFA /* Assets.xcassets */; };
		AA7AD0181CC69CBF00AADAFA /* LaunchScreen.storyboard in Resources */ = {isa = PBXBuildFile; fileRef = AA7AD0161CC69CBF00AADAFA /* LaunchScreen.storyboard */; };
		AA7AD0231CC715C000AADAFA /* Bolts.framework in Frameworks */ = {isa = PBXBuildFile; fileRef = AA7AD0201CC715C000AADAFA /* Bolts.framework */; };
		AA7AD0241CC715C000AADAFA /* FBSDKCoreKit.framework in Frameworks */ = {isa = PBXBuildFile; fileRef = AA7AD0211CC715C000AADAFA /* FBSDKCoreKit.framework */; };
		AA7AD0251CC715C000AADAFA /* FBSDKLoginKit.framework in Frameworks */ = {isa = PBXBuildFile; fileRef = AA7AD0221CC715C000AADAFA /* FBSDKLoginKit.framework */; };
		AA7AD02B1CC7161900AADAFA /* DataService.swift in Sources */ = {isa = PBXBuildFile; fileRef = AA7AD0291CC7161900AADAFA /* DataService.swift */; };
		AA7AD02C1CC7161900AADAFA /* DataApi.swift in Sources */ = {isa = PBXBuildFile; fileRef = AA7AD02A1CC7161900AADAFA /* DataApi.swift */; };
		AA7AD02F1CC7162900AADAFA /* Constants.swift in Sources */ = {isa = PBXBuildFile; fileRef = AA7AD02E1CC7162900AADAFA /* Constants.swift */; };
		AA7AD0341CC7164400AADAFA /* MaterialView.swift in Sources */ = {isa = PBXBuildFile; fileRef = AA7AD0311CC7164400AADAFA /* MaterialView.swift */; };
		AA7AD0351CC7164400AADAFA /* MaterialButton.swift in Sources */ = {isa = PBXBuildFile; fileRef = AA7AD0321CC7164400AADAFA /* MaterialButton.swift */; };
		AA7AD0361CC7164400AADAFA /* MaterialUIViewMenuExplore.swift in Sources */ = {isa = PBXBuildFile; fileRef = AA7AD0331CC7164400AADAFA /* MaterialUIViewMenuExplore.swift */; };
		AA7AD0421CC7166100AADAFA /* FollowCell.swift in Sources */ = {isa = PBXBuildFile; fileRef = AA7AD0391CC7166100AADAFA /* FollowCell.swift */; };
		AA7AD0431CC7166100AADAFA /* FirstFollowCell.swift in Sources */ = {isa = PBXBuildFile; fileRef = AA7AD03A1CC7166100AADAFA /* FirstFollowCell.swift */; };
		AA7AD0441CC7166100AADAFA /* PostCell.swift in Sources */ = {isa = PBXBuildFile; fileRef = AA7AD03B1CC7166100AADAFA /* PostCell.swift */; };
		AA7AD0451CC7166100AADAFA /* ViewCommentCell.swift in Sources */ = {isa = PBXBuildFile; fileRef = AA7AD03C1CC7166100AADAFA /* ViewCommentCell.swift */; };
		AA7AD0461CC7166100AADAFA /* FirstTopicFollowCell.swift in Sources */ = {isa = PBXBuildFile; fileRef = AA7AD03D1CC7166100AADAFA /* FirstTopicFollowCell.swift */; };
		AA7AD0471CC7166100AADAFA /* ExploreCell.swift in Sources */ = {isa = PBXBuildFile; fileRef = AA7AD03E1CC7166100AADAFA /* ExploreCell.swift */; };
		AA7AD0481CC7166100AADAFA /* NotificationCell.swift in Sources */ = {isa = PBXBuildFile; fileRef = AA7AD03F1CC7166100AADAFA /* NotificationCell.swift */; };
		AA7AD0491CC7166100AADAFA /* SettingCell.swift in Sources */ = {isa = PBXBuildFile; fileRef = AA7AD0401CC7166100AADAFA /* SettingCell.swift */; };
		AA7AD04A1CC7166100AADAFA /* ShowSearchCell.swift in Sources */ = {isa = PBXBuildFile; fileRef = AA7AD0411CC7166100AADAFA /* ShowSearchCell.swift */; };
		AA7AD0511CC716C700AADAFA /* Post.swift in Sources */ = {isa = PBXBuildFile; fileRef = AA7AD04C1CC716C700AADAFA /* Post.swift */; };
		AA7AD0521CC716C700AADAFA /* Video.swift in Sources */ = {isa = PBXBuildFile; fileRef = AA7AD04D1CC716C700AADAFA /* Video.swift */; };
		AA7AD0531CC716C700AADAFA /* Friend.swift in Sources */ = {isa = PBXBuildFile; fileRef = AA7AD04E1CC716C700AADAFA /* Friend.swift */; };
		AA7AD0541CC716C700AADAFA /* Comment.swift in Sources */ = {isa = PBXBuildFile; fileRef = AA7AD04F1CC716C700AADAFA /* Comment.swift */; };
		AA7AD0551CC716C700AADAFA /* Notification.swift in Sources */ = {isa = PBXBuildFile; fileRef = AA7AD0501CC716C700AADAFA /* Notification.swift */; };
		AA7AD05A1CC716F100AADAFA /* CameraVC.swift in Sources */ = {isa = PBXBuildFile; fileRef = AA7AD0581CC716F100AADAFA /* CameraVC.swift */; };
		AA7AD05B1CC716F100AADAFA /* ReviewVideoVC.swift in Sources */ = {isa = PBXBuildFile; fileRef = AA7AD0591CC716F100AADAFA /* ReviewVideoVC.swift */; };
		AA7AD0601CC716FF00AADAFA /* ProfileVC.swift in Sources */ = {isa = PBXBuildFile; fileRef = AA7AD05D1CC716FF00AADAFA /* ProfileVC.swift */; };
		AA7AD0611CC716FF00AADAFA /* ViewFollowVC.swift in Sources */ = {isa = PBXBuildFile; fileRef = AA7AD05E1CC716FF00AADAFA /* ViewFollowVC.swift */; };
		AA7AD0621CC716FF00AADAFA /* SettingVC.swift in Sources */ = {isa = PBXBuildFile; fileRef = AA7AD05F1CC716FF00AADAFA /* SettingVC.swift */; };
		AA7AD0661CC7171300AADAFA /* ExploreVC.swift in Sources */ = {isa = PBXBuildFile; fileRef = AA7AD0641CC7171300AADAFA /* ExploreVC.swift */; };
		AA7AD0671CC7171300AADAFA /* ShowExploreVC.swift in Sources */ = {isa = PBXBuildFile; fileRef = AA7AD0651CC7171300AADAFA /* ShowExploreVC.swift */; };
		AA7AD06B1CC7172600AADAFA /* FirstFollowVC.swift in Sources */ = {isa = PBXBuildFile; fileRef = AA7AD0691CC7172600AADAFA /* FirstFollowVC.swift */; };
		AA7AD06C1CC7172600AADAFA /* LaunchScreenVC.swift in Sources */ = {isa = PBXBuildFile; fileRef = AA7AD06A1CC7172600AADAFA /* LaunchScreenVC.swift */; };
		AA7AD0741CC717CF00AADAFA /* FollowVC.swift in Sources */ = {isa = PBXBuildFile; fileRef = AA7AD06D1CC717CF00AADAFA /* FollowVC.swift */; };
		AA7AD0751CC717CF00AADAFA /* LoginVC.swift in Sources */ = {isa = PBXBuildFile; fileRef = AA7AD06E1CC717CF00AADAFA /* LoginVC.swift */; };
		AA7AD0761CC717CF00AADAFA /* NotificationsVC.swift in Sources */ = {isa = PBXBuildFile; fileRef = AA7AD06F1CC717CF00AADAFA /* NotificationsVC.swift */; };
		AA7AD0771CC717CF00AADAFA /* TabBarController.swift in Sources */ = {isa = PBXBuildFile; fileRef = AA7AD0701CC717CF00AADAFA /* TabBarController.swift */; };
		AA7AD0781CC717CF00AADAFA /* ViewCommentVC.swift in Sources */ = {isa = PBXBuildFile; fileRef = AA7AD0711CC717CF00AADAFA /* ViewCommentVC.swift */; };
		AA7AD0791CC717CF00AADAFA /* ViewController.swift in Sources */ = {isa = PBXBuildFile; fileRef = AA7AD0721CC717CF00AADAFA /* ViewController.swift */; };
		AA7AD07A1CC717CF00AADAFA /* ViewSinglePostVC.swift in Sources */ = {isa = PBXBuildFile; fileRef = AA7AD0731CC717CF00AADAFA /* ViewSinglePostVC.swift */; };
		AAC9EFEC1CC719C400466C8B /* beach.mp4 in Resources */ = {isa = PBXBuildFile; fileRef = AA7AD0271CC7160400AADAFA /* beach.mp4 */; };
		DCAF3A9E2AF4B3F478A25B28 /* Pods_FunEye.framework in Frameworks */ = {isa = PBXBuildFile; fileRef = 930D3C4F1DF0E6939AEE1E3C /* Pods_FunEye.framework */; };
/* End PBXBuildFile section */

/* Begin PBXFileReference section */
		920CE183E69166D8D9D1993E /* Pods-FunEye.debug.xcconfig */ = {isa = PBXFileReference; includeInIndex = 1; lastKnownFileType = text.xcconfig; name = "Pods-FunEye.debug.xcconfig"; path = "Pods/Target Support Files/Pods-FunEye/Pods-FunEye.debug.xcconfig"; sourceTree = "<group>"; };
		930D3C4F1DF0E6939AEE1E3C /* Pods_FunEye.framework */ = {isa = PBXFileReference; explicitFileType = wrapper.framework; includeInIndex = 0; path = Pods_FunEye.framework; sourceTree = BUILT_PRODUCTS_DIR; };
		AA7AD00A1CC69CBF00AADAFA /* FunEye.app */ = {isa = PBXFileReference; explicitFileType = wrapper.application; includeInIndex = 0; path = FunEye.app; sourceTree = BUILT_PRODUCTS_DIR; };
		AA7AD00D1CC69CBF00AADAFA /* AppDelegate.swift */ = {isa = PBXFileReference; lastKnownFileType = sourcecode.swift; path = AppDelegate.swift; sourceTree = "<group>"; };
		AA7AD0121CC69CBF00AADAFA /* Base */ = {isa = PBXFileReference; lastKnownFileType = file.storyboard; name = Base; path = Base.lproj/Main.storyboard; sourceTree = "<group>"; };
		AA7AD0141CC69CBF00AADAFA /* Assets.xcassets */ = {isa = PBXFileReference; lastKnownFileType = folder.assetcatalog; path = Assets.xcassets; sourceTree = "<group>"; };
		AA7AD0171CC69CBF00AADAFA /* Base */ = {isa = PBXFileReference; lastKnownFileType = file.storyboard; name = Base; path = Base.lproj/LaunchScreen.storyboard; sourceTree = "<group>"; };
		AA7AD0191CC69CBF00AADAFA /* Info.plist */ = {isa = PBXFileReference; lastKnownFileType = text.plist.xml; path = Info.plist; sourceTree = "<group>"; };
		AA7AD0201CC715C000AADAFA /* Bolts.framework */ = {isa = PBXFileReference; lastKnownFileType = wrapper.framework; path = Bolts.framework; sourceTree = "<group>"; };
		AA7AD0211CC715C000AADAFA /* FBSDKCoreKit.framework */ = {isa = PBXFileReference; lastKnownFileType = wrapper.framework; path = FBSDKCoreKit.framework; sourceTree = "<group>"; };
		AA7AD0221CC715C000AADAFA /* FBSDKLoginKit.framework */ = {isa = PBXFileReference; lastKnownFileType = wrapper.framework; path = FBSDKLoginKit.framework; sourceTree = "<group>"; };
		AA7AD0271CC7160400AADAFA /* beach.mp4 */ = {isa = PBXFileReference; lastKnownFileType = file; path = beach.mp4; sourceTree = "<group>"; };
		AA7AD0291CC7161900AADAFA /* DataService.swift */ = {isa = PBXFileReference; fileEncoding = 4; lastKnownFileType = sourcecode.swift; path = DataService.swift; sourceTree = "<group>"; };
		AA7AD02A1CC7161900AADAFA /* DataApi.swift */ = {isa = PBXFileReference; fileEncoding = 4; lastKnownFileType = sourcecode.swift; path = DataApi.swift; sourceTree = "<group>"; };
		AA7AD02E1CC7162900AADAFA /* Constants.swift */ = {isa = PBXFileReference; fileEncoding = 4; lastKnownFileType = sourcecode.swift; path = Constants.swift; sourceTree = "<group>"; };
		AA7AD0311CC7164400AADAFA /* MaterialView.swift */ = {isa = PBXFileReference; fileEncoding = 4; lastKnownFileType = sourcecode.swift; path = MaterialView.swift; sourceTree = "<group>"; };
		AA7AD0321CC7164400AADAFA /* MaterialButton.swift */ = {isa = PBXFileReference; fileEncoding = 4; lastKnownFileType = sourcecode.swift; path = MaterialButton.swift; sourceTree = "<group>"; };
		AA7AD0331CC7164400AADAFA /* MaterialUIViewMenuExplore.swift */ = {isa = PBXFileReference; fileEncoding = 4; lastKnownFileType = sourcecode.swift; path = MaterialUIViewMenuExplore.swift; sourceTree = "<group>"; };
		AA7AD0391CC7166100AADAFA /* FollowCell.swift */ = {isa = PBXFileReference; fileEncoding = 4; lastKnownFileType = sourcecode.swift; path = FollowCell.swift; sourceTree = "<group>"; };
		AA7AD03A1CC7166100AADAFA /* FirstFollowCell.swift */ = {isa = PBXFileReference; fileEncoding = 4; lastKnownFileType = sourcecode.swift; path = FirstFollowCell.swift; sourceTree = "<group>"; };
		AA7AD03B1CC7166100AADAFA /* PostCell.swift */ = {isa = PBXFileReference; fileEncoding = 4; lastKnownFileType = sourcecode.swift; path = PostCell.swift; sourceTree = "<group>"; };
		AA7AD03C1CC7166100AADAFA /* ViewCommentCell.swift */ = {isa = PBXFileReference; fileEncoding = 4; lastKnownFileType = sourcecode.swift; path = ViewCommentCell.swift; sourceTree = "<group>"; };
		AA7AD03D1CC7166100AADAFA /* FirstTopicFollowCell.swift */ = {isa = PBXFileReference; fileEncoding = 4; lastKnownFileType = sourcecode.swift; path = FirstTopicFollowCell.swift; sourceTree = "<group>"; };
		AA7AD03E1CC7166100AADAFA /* ExploreCell.swift */ = {isa = PBXFileReference; fileEncoding = 4; lastKnownFileType = sourcecode.swift; path = ExploreCell.swift; sourceTree = "<group>"; };
		AA7AD03F1CC7166100AADAFA /* NotificationCell.swift */ = {isa = PBXFileReference; fileEncoding = 4; lastKnownFileType = sourcecode.swift; path = NotificationCell.swift; sourceTree = "<group>"; };
		AA7AD0401CC7166100AADAFA /* SettingCell.swift */ = {isa = PBXFileReference; fileEncoding = 4; lastKnownFileType = sourcecode.swift; path = SettingCell.swift; sourceTree = "<group>"; };
		AA7AD0411CC7166100AADAFA /* ShowSearchCell.swift */ = {isa = PBXFileReference; fileEncoding = 4; lastKnownFileType = sourcecode.swift; path = ShowSearchCell.swift; sourceTree = "<group>"; };
		AA7AD04C1CC716C700AADAFA /* Post.swift */ = {isa = PBXFileReference; fileEncoding = 4; lastKnownFileType = sourcecode.swift; path = Post.swift; sourceTree = "<group>"; };
		AA7AD04D1CC716C700AADAFA /* Video.swift */ = {isa = PBXFileReference; fileEncoding = 4; lastKnownFileType = sourcecode.swift; path = Video.swift; sourceTree = "<group>"; };
		AA7AD04E1CC716C700AADAFA /* Friend.swift */ = {isa = PBXFileReference; fileEncoding = 4; lastKnownFileType = sourcecode.swift; path = Friend.swift; sourceTree = "<group>"; };
		AA7AD04F1CC716C700AADAFA /* Comment.swift */ = {isa = PBXFileReference; fileEncoding = 4; lastKnownFileType = sourcecode.swift; path = Comment.swift; sourceTree = "<group>"; };
		AA7AD0501CC716C700AADAFA /* Notification.swift */ = {isa = PBXFileReference; fileEncoding = 4; lastKnownFileType = sourcecode.swift; path = Notification.swift; sourceTree = "<group>"; };
		AA7AD0581CC716F100AADAFA /* CameraVC.swift */ = {isa = PBXFileReference; fileEncoding = 4; lastKnownFileType = sourcecode.swift; path = CameraVC.swift; sourceTree = "<group>"; };
		AA7AD0591CC716F100AADAFA /* ReviewVideoVC.swift */ = {isa = PBXFileReference; fileEncoding = 4; lastKnownFileType = sourcecode.swift; path = ReviewVideoVC.swift; sourceTree = "<group>"; };
		AA7AD05D1CC716FF00AADAFA /* ProfileVC.swift */ = {isa = PBXFileReference; fileEncoding = 4; lastKnownFileType = sourcecode.swift; path = ProfileVC.swift; sourceTree = "<group>"; };
		AA7AD05E1CC716FF00AADAFA /* ViewFollowVC.swift */ = {isa = PBXFileReference; fileEncoding = 4; lastKnownFileType = sourcecode.swift; path = ViewFollowVC.swift; sourceTree = "<group>"; };
		AA7AD05F1CC716FF00AADAFA /* SettingVC.swift */ = {isa = PBXFileReference; fileEncoding = 4; lastKnownFileType = sourcecode.swift; path = SettingVC.swift; sourceTree = "<group>"; };
		AA7AD0641CC7171300AADAFA /* ExploreVC.swift */ = {isa = PBXFileReference; fileEncoding = 4; lastKnownFileType = sourcecode.swift; path = ExploreVC.swift; sourceTree = "<group>"; };
		AA7AD0651CC7171300AADAFA /* ShowExploreVC.swift */ = {isa = PBXFileReference; fileEncoding = 4; lastKnownFileType = sourcecode.swift; path = ShowExploreVC.swift; sourceTree = "<group>"; };
		AA7AD0691CC7172600AADAFA /* FirstFollowVC.swift */ = {isa = PBXFileReference; fileEncoding = 4; lastKnownFileType = sourcecode.swift; path = FirstFollowVC.swift; sourceTree = "<group>"; };
		AA7AD06A1CC7172600AADAFA /* LaunchScreenVC.swift */ = {isa = PBXFileReference; fileEncoding = 4; lastKnownFileType = sourcecode.swift; path = LaunchScreenVC.swift; sourceTree = "<group>"; };
		AA7AD06D1CC717CF00AADAFA /* FollowVC.swift */ = {isa = PBXFileReference; fileEncoding = 4; lastKnownFileType = sourcecode.swift; path = FollowVC.swift; sourceTree = "<group>"; };
		AA7AD06E1CC717CF00AADAFA /* LoginVC.swift */ = {isa = PBXFileReference; fileEncoding = 4; lastKnownFileType = sourcecode.swift; path = LoginVC.swift; sourceTree = "<group>"; };
		AA7AD06F1CC717CF00AADAFA /* NotificationsVC.swift */ = {isa = PBXFileReference; fileEncoding = 4; lastKnownFileType = sourcecode.swift; path = NotificationsVC.swift; sourceTree = "<group>"; };
		AA7AD0701CC717CF00AADAFA /* TabBarController.swift */ = {isa = PBXFileReference; fileEncoding = 4; lastKnownFileType = sourcecode.swift; path = TabBarController.swift; sourceTree = "<group>"; };
		AA7AD0711CC717CF00AADAFA /* ViewCommentVC.swift */ = {isa = PBXFileReference; fileEncoding = 4; lastKnownFileType = sourcecode.swift; path = ViewCommentVC.swift; sourceTree = "<group>"; };
		AA7AD0721CC717CF00AADAFA /* ViewController.swift */ = {isa = PBXFileReference; fileEncoding = 4; lastKnownFileType = sourcecode.swift; path = ViewController.swift; sourceTree = "<group>"; };
		AA7AD0731CC717CF00AADAFA /* ViewSinglePostVC.swift */ = {isa = PBXFileReference; fileEncoding = 4; lastKnownFileType = sourcecode.swift; path = ViewSinglePostVC.swift; sourceTree = "<group>"; };
		F2EDCD9A650913BE469AE983 /* Pods-FunEye.release.xcconfig */ = {isa = PBXFileReference; includeInIndex = 1; lastKnownFileType = text.xcconfig; name = "Pods-FunEye.release.xcconfig"; path = "Pods/Target Support Files/Pods-FunEye/Pods-FunEye.release.xcconfig"; sourceTree = "<group>"; };
/* End PBXFileReference section */

/* Begin PBXFrameworksBuildPhase section */
		AA7AD0071CC69CBF00AADAFA /* Frameworks */ = {
			isa = PBXFrameworksBuildPhase;
			buildActionMask = 2147483647;
			files = (
				DCAF3A9E2AF4B3F478A25B28 /* Pods_FunEye.framework in Frameworks */,
				AA7AD0241CC715C000AADAFA /* FBSDKCoreKit.framework in Frameworks */,
				AA7AD0251CC715C000AADAFA /* FBSDKLoginKit.framework in Frameworks */,
				AA7AD0231CC715C000AADAFA /* Bolts.framework in Frameworks */,
			);
			runOnlyForDeploymentPostprocessing = 0;
		};
/* End PBXFrameworksBuildPhase section */

/* Begin PBXGroup section */
		243BECA3A445A9161CF4C72F /* Frameworks */ = {
			isa = PBXGroup;
			children = (
				930D3C4F1DF0E6939AEE1E3C /* Pods_FunEye.framework */,
			);
			name = Frameworks;
			sourceTree = "<group>";
		};
		8B9CA47E6169CB732B6B44EB /* Pods */ = {
			isa = PBXGroup;
			children = (
				920CE183E69166D8D9D1993E /* Pods-FunEye.debug.xcconfig */,
				F2EDCD9A650913BE469AE983 /* Pods-FunEye.release.xcconfig */,
			);
			name = Pods;
			sourceTree = "<group>";
		};
		AA7AD0011CC69CBF00AADAFA = {
			isa = PBXGroup;
			children = (
				AA7AD00C1CC69CBF00AADAFA /* FunEye */,
				AA7AD00B1CC69CBF00AADAFA /* Products */,
				8B9CA47E6169CB732B6B44EB /* Pods */,
				243BECA3A445A9161CF4C72F /* Frameworks */,
			);
			sourceTree = "<group>";
		};
		AA7AD00B1CC69CBF00AADAFA /* Products */ = {
			isa = PBXGroup;
			children = (
				AA7AD00A1CC69CBF00AADAFA /* FunEye.app */,
			);
			name = Products;
			sourceTree = "<group>";
		};
		AA7AD00C1CC69CBF00AADAFA /* FunEye */ = {
			isa = PBXGroup;
			children = (
				AA7AD0561CC716DC00AADAFA /* Controller */,
				AA7AD0371CC7164800AADAFA /* Model */,
				AA7AD0301CC7163700AADAFA /* View */,
				AA7AD02D1CC7161E00AADAFA /* Unil */,
				AA7AD0281CC7160C00AADAFA /* Services */,
				AA7AD0261CC715F700AADAFA /* Resources */,
				AA7AD01F1CC715AE00AADAFA /* Frameworks */,
				AA7AD00D1CC69CBF00AADAFA /* AppDelegate.swift */,
				AA7AD0111CC69CBF00AADAFA /* Main.storyboard */,
				AA7AD0141CC69CBF00AADAFA /* Assets.xcassets */,
				AA7AD0161CC69CBF00AADAFA /* LaunchScreen.storyboard */,
				AA7AD0191CC69CBF00AADAFA /* Info.plist */,
			);
			path = FunEye;
			sourceTree = "<group>";
		};
		AA7AD01F1CC715AE00AADAFA /* Frameworks */ = {
			isa = PBXGroup;
			children = (
				AA7AD0201CC715C000AADAFA /* Bolts.framework */,
				AA7AD0211CC715C000AADAFA /* FBSDKCoreKit.framework */,
				AA7AD0221CC715C000AADAFA /* FBSDKLoginKit.framework */,
			);
			name = Frameworks;
			sourceTree = "<group>";
		};
		AA7AD0261CC715F700AADAFA /* Resources */ = {
			isa = PBXGroup;
			children = (
				AA7AD0271CC7160400AADAFA /* beach.mp4 */,
			);
			name = Resources;
			sourceTree = "<group>";
		};
		AA7AD0281CC7160C00AADAFA /* Services */ = {
			isa = PBXGroup;
			children = (
				AA7AD0291CC7161900AADAFA /* DataService.swift */,
				AA7AD02A1CC7161900AADAFA /* DataApi.swift */,
			);
			name = Services;
			sourceTree = "<group>";
		};
		AA7AD02D1CC7161E00AADAFA /* Unil */ = {
			isa = PBXGroup;
			children = (
				AA7AD02E1CC7162900AADAFA /* Constants.swift */,
			);
			name = Unil;
			sourceTree = "<group>";
		};
		AA7AD0301CC7163700AADAFA /* View */ = {
			isa = PBXGroup;
			children = (
				AA7AD0311CC7164400AADAFA /* MaterialView.swift */,
				AA7AD0321CC7164400AADAFA /* MaterialButton.swift */,
				AA7AD0331CC7164400AADAFA /* MaterialUIViewMenuExplore.swift */,
			);
			name = View;
			sourceTree = "<group>";
		};
		AA7AD0371CC7164800AADAFA /* Model */ = {
			isa = PBXGroup;
			children = (
				AA7AD04B1CC716B600AADAFA /* Object */,
				AA7AD0381CC7165000AADAFA /* Cells */,
			);
			name = Model;
			sourceTree = "<group>";
		};
		AA7AD0381CC7165000AADAFA /* Cells */ = {
			isa = PBXGroup;
			children = (
				AA7AD0391CC7166100AADAFA /* FollowCell.swift */,
				AA7AD03A1CC7166100AADAFA /* FirstFollowCell.swift */,
				AA7AD03B1CC7166100AADAFA /* PostCell.swift */,
				AA7AD03C1CC7166100AADAFA /* ViewCommentCell.swift */,
				AA7AD03D1CC7166100AADAFA /* FirstTopicFollowCell.swift */,
				AA7AD03E1CC7166100AADAFA /* ExploreCell.swift */,
				AA7AD03F1CC7166100AADAFA /* NotificationCell.swift */,
				AA7AD0401CC7166100AADAFA /* SettingCell.swift */,
				AA7AD0411CC7166100AADAFA /* ShowSearchCell.swift */,
			);
			name = Cells;
			sourceTree = "<group>";
		};
		AA7AD04B1CC716B600AADAFA /* Object */ = {
			isa = PBXGroup;
			children = (
				AA7AD04C1CC716C700AADAFA /* Post.swift */,
				AA7AD04D1CC716C700AADAFA /* Video.swift */,
				AA7AD04E1CC716C700AADAFA /* Friend.swift */,
				AA7AD04F1CC716C700AADAFA /* Comment.swift */,
				AA7AD0501CC716C700AADAFA /* Notification.swift */,
			);
			name = Object;
			sourceTree = "<group>";
		};
		AA7AD0561CC716DC00AADAFA /* Controller */ = {
			isa = PBXGroup;
			children = (
				AA7AD0681CC7171B00AADAFA /* FirstLogin */,
				AA7AD0631CC7170A00AADAFA /* Explore */,
				AA7AD05C1CC716F400AADAFA /* Profile */,
				AA7AD0571CC716E600AADAFA /* Camera */,
				AA7AD06D1CC717CF00AADAFA /* FollowVC.swift */,
				AA7AD06E1CC717CF00AADAFA /* LoginVC.swift */,
				AA7AD06F1CC717CF00AADAFA /* NotificationsVC.swift */,
				AA7AD0701CC717CF00AADAFA /* TabBarController.swift */,
				AA7AD0711CC717CF00AADAFA /* ViewCommentVC.swift */,
				AA7AD0721CC717CF00AADAFA /* ViewController.swift */,
				AA7AD0731CC717CF00AADAFA /* ViewSinglePostVC.swift */,
			);
			name = Controller;
			sourceTree = "<group>";
		};
		AA7AD0571CC716E600AADAFA /* Camera */ = {
			isa = PBXGroup;
			children = (
				AA7AD0581CC716F100AADAFA /* CameraVC.swift */,
				AA7AD0591CC716F100AADAFA /* ReviewVideoVC.swift */,
			);
			name = Camera;
			sourceTree = "<group>";
		};
		AA7AD05C1CC716F400AADAFA /* Profile */ = {
			isa = PBXGroup;
			children = (
				AA7AD05D1CC716FF00AADAFA /* ProfileVC.swift */,
				AA7AD05E1CC716FF00AADAFA /* ViewFollowVC.swift */,
				AA7AD05F1CC716FF00AADAFA /* SettingVC.swift */,
			);
			name = Profile;
			sourceTree = "<group>";
		};
		AA7AD0631CC7170A00AADAFA /* Explore */ = {
			isa = PBXGroup;
			children = (
				AA7AD0641CC7171300AADAFA /* ExploreVC.swift */,
				AA7AD0651CC7171300AADAFA /* ShowExploreVC.swift */,
			);
			name = Explore;
			sourceTree = "<group>";
		};
		AA7AD0681CC7171B00AADAFA /* FirstLogin */ = {
			isa = PBXGroup;
			children = (
				AA7AD0691CC7172600AADAFA /* FirstFollowVC.swift */,
				AA7AD06A1CC7172600AADAFA /* LaunchScreenVC.swift */,
			);
			name = FirstLogin;
			sourceTree = "<group>";
		};
/* End PBXGroup section */

/* Begin PBXNativeTarget section */
		AA7AD0091CC69CBF00AADAFA /* FunEye */ = {
			isa = PBXNativeTarget;
			buildConfigurationList = AA7AD01C1CC69CBF00AADAFA /* Build configuration list for PBXNativeTarget "FunEye" */;
			buildPhases = (
				87E6A843BFA2CA57ABE5C81C /* Check Pods Manifest.lock */,
				AA7AD0061CC69CBF00AADAFA /* Sources */,
				AA7AD0071CC69CBF00AADAFA /* Frameworks */,
				AA7AD0081CC69CBF00AADAFA /* Resources */,
				8597EDCB77D1884121CA5BAA /* Embed Pods Frameworks */,
				E5CACDF89222C074527F44EA /* Copy Pods Resources */,
			);
			buildRules = (
			);
			dependencies = (
			);
			name = FunEye;
			productName = FunEye;
			productReference = AA7AD00A1CC69CBF00AADAFA /* FunEye.app */;
			productType = "com.apple.product-type.application";
		};
/* End PBXNativeTarget section */

/* Begin PBXProject section */
		AA7AD0021CC69CBF00AADAFA /* Project object */ = {
			isa = PBXProject;
			attributes = {
				LastSwiftUpdateCheck = 0730;
				LastUpgradeCheck = 0730;
				ORGANIZATIONNAME = "Lê Thanh Tùng";
				TargetAttributes = {
					AA7AD0091CC69CBF00AADAFA = {
						CreatedOnToolsVersion = 7.3;
					};
				};
			};
			buildConfigurationList = AA7AD0051CC69CBF00AADAFA /* Build configuration list for PBXProject "FunEye" */;
			compatibilityVersion = "Xcode 3.2";
			developmentRegion = English;
			hasScannedForEncodings = 0;
			knownRegions = (
				en,
				Base,
			);
			mainGroup = AA7AD0011CC69CBF00AADAFA;
			productRefGroup = AA7AD00B1CC69CBF00AADAFA /* Products */;
			projectDirPath = "";
			projectRoot = "";
			targets = (
				AA7AD0091CC69CBF00AADAFA /* FunEye */,
			);
		};
/* End PBXProject section */

/* Begin PBXResourcesBuildPhase section */
		AA7AD0081CC69CBF00AADAFA /* Resources */ = {
			isa = PBXResourcesBuildPhase;
			buildActionMask = 2147483647;
			files = (
				AA7AD0181CC69CBF00AADAFA /* LaunchScreen.storyboard in Resources */,
				AA7AD0151CC69CBF00AADAFA /* Assets.xcassets in Resources */,
				AA7AD0131CC69CBF00AADAFA /* Main.storyboard in Resources */,
				AAC9EFEC1CC719C400466C8B /* beach.mp4 in Resources */,
			);
			runOnlyForDeploymentPostprocessing = 0;
		};
/* End PBXResourcesBuildPhase section */

/* Begin PBXShellScriptBuildPhase section */
		8597EDCB77D1884121CA5BAA /* Embed Pods Frameworks */ = {
			isa = PBXShellScriptBuildPhase;
			buildActionMask = 2147483647;
			files = (
			);
			inputPaths = (
			);
			name = "Embed Pods Frameworks";
			outputPaths = (
			);
			runOnlyForDeploymentPostprocessing = 0;
			shellPath = /bin/sh;
			shellScript = "\"${SRCROOT}/Pods/Target Support Files/Pods-FunEye/Pods-FunEye-frameworks.sh\"\n";
			showEnvVarsInLog = 0;
		};
		87E6A843BFA2CA57ABE5C81C /* Check Pods Manifest.lock */ = {
			isa = PBXShellScriptBuildPhase;
			buildActionMask = 2147483647;
			files = (
			);
			inputPaths = (
			);
			name = "Check Pods Manifest.lock";
			outputPaths = (
			);
			runOnlyForDeploymentPostprocessing = 0;
			shellPath = /bin/sh;
			shellScript = "diff \"${PODS_ROOT}/../Podfile.lock\" \"${PODS_ROOT}/Manifest.lock\" > /dev/null\nif [[ $? != 0 ]] ; then\n    cat << EOM\nerror: The sandbox is not in sync with the Podfile.lock. Run 'pod install' or update your CocoaPods installation.\nEOM\n    exit 1\nfi\n";
			showEnvVarsInLog = 0;
		};
		E5CACDF89222C074527F44EA /* Copy Pods Resources */ = {
			isa = PBXShellScriptBuildPhase;
			buildActionMask = 2147483647;
			files = (
			);
			inputPaths = (
			);
			name = "Copy Pods Resources";
			outputPaths = (
			);
			runOnlyForDeploymentPostprocessing = 0;
			shellPath = /bin/sh;
			shellScript = "\"${SRCROOT}/Pods/Target Support Files/Pods-FunEye/Pods-FunEye-resources.sh\"\n";
			showEnvVarsInLog = 0;
		};
/* End PBXShellScriptBuildPhase section */

/* Begin PBXSourcesBuildPhase section */
		AA7AD0061CC69CBF00AADAFA /* Sources */ = {
			isa = PBXSourcesBuildPhase;
			buildActionMask = 2147483647;
			files = (
				AA7AD02F1CC7162900AADAFA /* Constants.swift in Sources */,
				AA7AD0621CC716FF00AADAFA /* SettingVC.swift in Sources */,
				AA7AD0781CC717CF00AADAFA /* ViewCommentVC.swift in Sources */,
				AA7AD0351CC7164400AADAFA /* MaterialButton.swift in Sources */,
				AA7AD0451CC7166100AADAFA /* ViewCommentCell.swift in Sources */,
				AA7AD02C1CC7161900AADAFA /* DataApi.swift in Sources */,
				AA7AD0431CC7166100AADAFA /* FirstFollowCell.swift in Sources */,
				AA7AD0601CC716FF00AADAFA /* ProfileVC.swift in Sources */,
				AA7AD0461CC7166100AADAFA /* FirstTopicFollowCell.swift in Sources */,
				AA7AD02B1CC7161900AADAFA /* DataService.swift in Sources */,
				AA7AD0611CC716FF00AADAFA /* ViewFollowVC.swift in Sources */,
				AA7AD0661CC7171300AADAFA /* ExploreVC.swift in Sources */,
				AA7AD0531CC716C700AADAFA /* Friend.swift in Sources */,
				AA7AD0671CC7171300AADAFA /* ShowExploreVC.swift in Sources */,
				AA7AD0551CC716C700AADAFA /* Notification.swift in Sources */,
				AA7AD0341CC7164400AADAFA /* MaterialView.swift in Sources */,
				AA7AD04A1CC7166100AADAFA /* ShowSearchCell.swift in Sources */,
				AA7AD0761CC717CF00AADAFA /* NotificationsVC.swift in Sources */,
				AA7AD0541CC716C700AADAFA /* Comment.swift in Sources */,
				AA7AD0361CC7164400AADAFA /* MaterialUIViewMenuExplore.swift in Sources */,
				AA7AD06C1CC7172600AADAFA /* LaunchScreenVC.swift in Sources */,
				AA7AD0491CC7166100AADAFA /* SettingCell.swift in Sources */,
				AA7AD05A1CC716F100AADAFA /* CameraVC.swift in Sources */,
				AA7AD0741CC717CF00AADAFA /* FollowVC.swift in Sources */,
				AA7AD07A1CC717CF00AADAFA /* ViewSinglePostVC.swift in Sources */,
				AA7AD0771CC717CF00AADAFA /* TabBarController.swift in Sources */,
				AA7AD05B1CC716F100AADAFA /* ReviewVideoVC.swift in Sources */,
				AA7AD06B1CC7172600AADAFA /* FirstFollowVC.swift in Sources */,
				AA7AD0441CC7166100AADAFA /* PostCell.swift in Sources */,
				AA7AD0421CC7166100AADAFA /* FollowCell.swift in Sources */,
				AA7AD0751CC717CF00AADAFA /* LoginVC.swift in Sources */,
				AA7AD0791CC717CF00AADAFA /* ViewController.swift in Sources */,
				AA7AD00E1CC69CBF00AADAFA /* AppDelegate.swift in Sources */,
				AA7AD0521CC716C700AADAFA /* Video.swift in Sources */,
				AA7AD0511CC716C700AADAFA /* Post.swift in Sources */,
				AA7AD0481CC7166100AADAFA /* NotificationCell.swift in Sources */,
				AA7AD0471CC7166100AADAFA /* ExploreCell.swift in Sources */,
			);
			runOnlyForDeploymentPostprocessing = 0;
		};
/* End PBXSourcesBuildPhase section */

/* Begin PBXVariantGroup section */
		AA7AD0111CC69CBF00AADAFA /* Main.storyboard */ = {
			isa = PBXVariantGroup;
			children = (
				AA7AD0121CC69CBF00AADAFA /* Base */,
			);
			name = Main.storyboard;
			sourceTree = "<group>";
		};
		AA7AD0161CC69CBF00AADAFA /* LaunchScreen.storyboard */ = {
			isa = PBXVariantGroup;
			children = (
				AA7AD0171CC69CBF00AADAFA /* Base */,
			);
			name = LaunchScreen.storyboard;
			sourceTree = "<group>";
		};
/* End PBXVariantGroup section */

/* Begin XCBuildConfiguration section */
		AA7AD01A1CC69CBF00AADAFA /* Debug */ = {
			isa = XCBuildConfiguration;
			buildSettings = {
				ALWAYS_SEARCH_USER_PATHS = NO;
				CLANG_ANALYZER_NONNULL = YES;
				CLANG_CXX_LANGUAGE_STANDARD = "gnu++0x";
				CLANG_CXX_LIBRARY = "libc++";
				CLANG_ENABLE_MODULES = YES;
				CLANG_ENABLE_OBJC_ARC = YES;
				CLANG_WARN_BOOL_CONVERSION = YES;
				CLANG_WARN_CONSTANT_CONVERSION = YES;
				CLANG_WARN_DIRECT_OBJC_ISA_USAGE = YES_ERROR;
				CLANG_WARN_EMPTY_BODY = YES;
				CLANG_WARN_ENUM_CONVERSION = YES;
				CLANG_WARN_INT_CONVERSION = YES;
				CLANG_WARN_OBJC_ROOT_CLASS = YES_ERROR;
				CLANG_WARN_UNREACHABLE_CODE = YES;
				CLANG_WARN__DUPLICATE_METHOD_MATCH = YES;
				"CODE_SIGN_IDENTITY[sdk=iphoneos*]" = "iPhone Developer";
				COPY_PHASE_STRIP = NO;
				DEBUG_INFORMATION_FORMAT = dwarf;
				ENABLE_STRICT_OBJC_MSGSEND = YES;
				ENABLE_TESTABILITY = YES;
				GCC_C_LANGUAGE_STANDARD = gnu99;
				GCC_DYNAMIC_NO_PIC = NO;
				GCC_NO_COMMON_BLOCKS = YES;
				GCC_OPTIMIZATION_LEVEL = 0;
				GCC_PREPROCESSOR_DEFINITIONS = (
					"DEBUG=1",
					"$(inherited)",
				);
				GCC_WARN_64_TO_32_BIT_CONVERSION = YES;
				GCC_WARN_ABOUT_RETURN_TYPE = YES_ERROR;
				GCC_WARN_UNDECLARED_SELECTOR = YES;
				GCC_WARN_UNINITIALIZED_AUTOS = YES_AGGRESSIVE;
				GCC_WARN_UNUSED_FUNCTION = YES;
				GCC_WARN_UNUSED_VARIABLE = YES;
				IPHONEOS_DEPLOYMENT_TARGET = 9.2;
				MTL_ENABLE_DEBUG_INFO = YES;
				ONLY_ACTIVE_ARCH = YES;
				SDKROOT = iphoneos;
				SWIFT_OPTIMIZATION_LEVEL = "-Onone";
			};
			name = Debug;
		};
		AA7AD01B1CC69CBF00AADAFA /* Release */ = {
			isa = XCBuildConfiguration;
			buildSettings = {
				ALWAYS_SEARCH_USER_PATHS = NO;
				CLANG_ANALYZER_NONNULL = YES;
				CLANG_CXX_LANGUAGE_STANDARD = "gnu++0x";
				CLANG_CXX_LIBRARY = "libc++";
				CLANG_ENABLE_MODULES = YES;
				CLANG_ENABLE_OBJC_ARC = YES;
				CLANG_WARN_BOOL_CONVERSION = YES;
				CLANG_WARN_CONSTANT_CONVERSION = YES;
				CLANG_WARN_DIRECT_OBJC_ISA_USAGE = YES_ERROR;
				CLANG_WARN_EMPTY_BODY = YES;
				CLANG_WARN_ENUM_CONVERSION = YES;
				CLANG_WARN_INT_CONVERSION = YES;
				CLANG_WARN_OBJC_ROOT_CLASS = YES_ERROR;
				CLANG_WARN_UNREACHABLE_CODE = YES;
				CLANG_WARN__DUPLICATE_METHOD_MATCH = YES;
				"CODE_SIGN_IDENTITY[sdk=iphoneos*]" = "iPhone Developer";
				COPY_PHASE_STRIP = NO;
				DEBUG_INFORMATION_FORMAT = "dwarf-with-dsym";
				ENABLE_NS_ASSERTIONS = NO;
				ENABLE_STRICT_OBJC_MSGSEND = YES;
				GCC_C_LANGUAGE_STANDARD = gnu99;
				GCC_NO_COMMON_BLOCKS = YES;
				GCC_WARN_64_TO_32_BIT_CONVERSION = YES;
				GCC_WARN_ABOUT_RETURN_TYPE = YES_ERROR;
				GCC_WARN_UNDECLARED_SELECTOR = YES;
				GCC_WARN_UNINITIALIZED_AUTOS = YES_AGGRESSIVE;
				GCC_WARN_UNUSED_FUNCTION = YES;
				GCC_WARN_UNUSED_VARIABLE = YES;
				IPHONEOS_DEPLOYMENT_TARGET = 9.2;
				MTL_ENABLE_DEBUG_INFO = NO;
				SDKROOT = iphoneos;
				VALIDATE_PRODUCT = YES;
			};
			name = Release;
		};
		AA7AD01D1CC69CBF00AADAFA /* Debug */ = {
			isa = XCBuildConfiguration;
			baseConfigurationReference = 920CE183E69166D8D9D1993E /* Pods-FunEye.debug.xcconfig */;
			buildSettings = {
				ASSETCATALOG_COMPILER_APPICON_NAME = AppIcon;
				ENABLE_BITCODE = NO;
				FRAMEWORK_SEARCH_PATHS = (
					"$(inherited)",
					"$(PROJECT_DIR)/FunEye",
				);
				INFOPLIST_FILE = FunEye/Info.plist;
				IPHONEOS_DEPLOYMENT_TARGET = 9.2;
				LD_RUNPATH_SEARCH_PATHS = "$(inherited) @executable_path/Frameworks";
				PRODUCT_BUNDLE_IDENTIFIER = Ylinkee.FunEye;
				PRODUCT_NAME = "$(TARGET_NAME)";
			};
			name = Debug;
		};
		AA7AD01E1CC69CBF00AADAFA /* Release */ = {
			isa = XCBuildConfiguration;
			baseConfigurationReference = F2EDCD9A650913BE469AE983 /* Pods-FunEye.release.xcconfig */;
			buildSettings = {
				ASSETCATALOG_COMPILER_APPICON_NAME = AppIcon;
				ENABLE_BITCODE = NO;
				FRAMEWORK_SEARCH_PATHS = (
					"$(inherited)",
					"$(PROJECT_DIR)/FunEye",
				);
				INFOPLIST_FILE = FunEye/Info.plist;
				IPHONEOS_DEPLOYMENT_TARGET = 9.2;
				LD_RUNPATH_SEARCH_PATHS = "$(inherited) @executable_path/Frameworks";
				PRODUCT_BUNDLE_IDENTIFIER = Ylinkee.FunEye;
				PRODUCT_NAME = "$(TARGET_NAME)";
			};
			name = Release;
		};
/* End XCBuildConfiguration section */

/* Begin XCConfigurationList section */
		AA7AD0051CC69CBF00AADAFA /* Build configuration list for PBXProject "FunEye" */ = {
			isa = XCConfigurationList;
			buildConfigurations = (
				AA7AD01A1CC69CBF00AADAFA /* Debug */,
				AA7AD01B1CC69CBF00AADAFA /* Release */,
			);
			defaultConfigurationIsVisible = 0;
			defaultConfigurationName = Release;
		};
		AA7AD01C1CC69CBF00AADAFA /* Build configuration list for PBXNativeTarget "FunEye" */ = {
			isa = XCConfigurationList;
			buildConfigurations = (
				AA7AD01D1CC69CBF00AADAFA /* Debug */,
				AA7AD01E1CC69CBF00AADAFA /* Release */,
			);
			defaultConfigurationIsVisible = 0;
			defaultConfigurationName = Release;
		};
/* End XCConfigurationList section */
	};
	rootObject = AA7AD0021CC69CBF00AADAFA /* Project object */;
}
